
Microsoft Visual Studio Solution File, Format Version 12.00
# Visual Studio 15
VisualStudioVersion = 15.0.28010.2036
MinimumVisualStudioVersion = 10.0.40219.1
Project("{9A19103F-16F7-4668-BE54-9A1E7A4F7556}") = "InvoiceAPI", "InvoiceAPI\InvoiceAPI.csproj", "{A7200E6E-5A11-48F0-B3B2-F72B18675EE8}"
EndProject
Project("{FAE04EC0-301F-11D3-BF4B-00C04F79EFBC}") = "InvoiceAPI.Tests", "InvoiceAPI.Test\InvoiceAPI.Tests.csproj", "{B3EE28F2-3A05-4CAC-81F6-75D8D76484CD}"
EndProject
Global
	GlobalSection(SolutionConfigurationPlatforms) = preSolution
		Debug|Any CPU = Debug|Any CPU
		Release|Any CPU = Release|Any CPU
	EndGlobalSection
	GlobalSection(ProjectConfigurationPlatforms) = postSolution
		{A7200E6E-5A11-48F0-B3B2-F72B18675EE8}.Debug|Any CPU.ActiveCfg = Debug|Any CPU
		{A7200E6E-5A11-48F0-B3B2-F72B18675EE8}.Debug|Any CPU.Build.0 = Debug|Any CPU
		{A7200E6E-5A11-48F0-B3B2-F72B18675EE8}.Release|Any CPU.ActiveCfg = Release|Any CPU
		{A7200E6E-5A11-48F0-B3B2-F72B18675EE8}.Release|Any CPU.Build.0 = Release|Any CPU
		{B3EE28F2-3A05-4CAC-81F6-75D8D76484CD}.Debug|Any CPU.ActiveCfg = Debug|Any CPU
		{B3EE28F2-3A05-4CAC-81F6-75D8D76484CD}.Debug|Any CPU.Build.0 = Debug|Any CPU
		{B3EE28F2-3A05-4CAC-81F6-75D8D76484CD}.Release|Any CPU.ActiveCfg = Release|Any CPU
		{B3EE28F2-3A05-4CAC-81F6-75D8D76484CD}.Release|Any CPU.Build.0 = Release|Any CPU
	EndGlobalSection
	GlobalSection(SolutionProperties) = preSolution
		HideSolutionNode = FALSE
	EndGlobalSection
	GlobalSection(ExtensibilityGlobals) = postSolution
		SolutionGuid = {BE3E8781-939E-419D-9303-BAE7A8D4F438}
	EndGlobalSection
EndGlobal
